
Microsoft Visual Studio Solution File, Format Version 12.00
# Visual Studio 14
VisualStudioVersion = 14.0.25420.1
MinimumVisualStudioVersion = 10.0.40219.1
Project("{FAE04EC0-301F-11D3-BF4B-00C04F79EFBC}") = "Logical", "Logical\Logical.csproj", "{B7AD9F23-439D-421E-8CAE-00744832E7F3}"
EndProject
Project("{FAE04EC0-301F-11D3-BF4B-00C04F79EFBC}") = "Logical_Test", "Logical_Test\Logical_Test.csproj", "{6DC90302-726F-408E-95D9-47000F6A09E1}"
EndProject
Global
	GlobalSection(SolutionConfigurationPlatforms) = preSolution
		Debug|Any CPU = Debug|Any CPU
		Release|Any CPU = Release|Any CPU
	EndGlobalSection
	GlobalSection(ProjectConfigurationPlatforms) = postSolution
		{B7AD9F23-439D-421E-8CAE-00744832E7F3}.Debug|Any CPU.ActiveCfg = Debug|Any CPU
		{B7AD9F23-439D-421E-8CAE-00744832E7F3}.Debug|Any CPU.Build.0 = Debug|Any CPU
		{B7AD9F23-439D-421E-8CAE-00744832E7F3}.Release|Any CPU.ActiveCfg = Release|Any CPU
		{B7AD9F23-439D-421E-8CAE-00744832E7F3}.Release|Any CPU.Build.0 = Release|Any CPU
		{6DC90302-726F-408E-95D9-47000F6A09E1}.Debug|Any CPU.ActiveCfg = Debug|Any CPU
		{6DC90302-726F-408E-95D9-47000F6A09E1}.Debug|Any CPU.Build.0 = Debug|Any CPU
		{6DC90302-726F-408E-95D9-47000F6A09E1}.Release|Any CPU.ActiveCfg = Release|Any CPU
		{6DC90302-726F-408E-95D9-47000F6A09E1}.Release|Any CPU.Build.0 = Release|Any CPU
	EndGlobalSection
	GlobalSection(SolutionProperties) = preSolution
		HideSolutionNode = FALSE
	EndGlobalSection
EndGlobal
